
Microsoft Visual Studio Solution File, Format Version 12.00
# Visual Studio 15
VisualStudioVersion = 15.0.27428.2002
MinimumVisualStudioVersion = 10.0.40219.1
Project("{FAE04EC0-301F-11D3-BF4B-00C04F79EFBC}") = "WpfApp1", "WpfApp1\WpfApp1.csproj", "{ED43DF11-5838-4DC9-A8DC-C35A44C601E8}"
EndProject
Global
	GlobalSection(SolutionConfigurationPlatforms) = preSolution
		Debug|Any CPU = Debug|Any CPU
		Release|Any CPU = Release|Any CPU
	EndGlobalSection
	GlobalSection(ProjectConfigurationPlatforms) = postSolution
		{ED43DF11-5838-4DC9-A8DC-C35A44C601E8}.Debug|Any CPU.ActiveCfg = Debug|Any CPU
		{ED43DF11-5838-4DC9-A8DC-C35A44C601E8}.Debug|Any CPU.Build.0 = Debug|Any CPU
		{ED43DF11-5838-4DC9-A8DC-C35A44C601E8}.Release|Any CPU.ActiveCfg = Release|Any CPU
		{ED43DF11-5838-4DC9-A8DC-C35A44C601E8}.Release|Any CPU.Build.0 = Release|Any CPU
	EndGlobalSection
	GlobalSection(SolutionProperties) = preSolution
		HideSolutionNode = FALSE
	EndGlobalSection
	GlobalSection(ExtensibilityGlobals) = postSolution
		SolutionGuid = {16294869-C57E-46EE-8E48-1DC25024634F}
	EndGlobalSection
EndGlobal
